
Microsoft Visual Studio Solution File, Format Version 12.00
# Visual Studio Version 16
VisualStudioVersion = 16.0.29920.165
MinimumVisualStudioVersion = 10.0.40219.1
Project("{FAE04EC0-301F-11D3-BF4B-00C04F79EFBC}") = "Calculator+", "Calculator+.csproj", "{04A399E1-28BA-4C6C-AC28-0E6562F8B32F}"
EndProject
Global
	GlobalSection(SolutionConfigurationPlatforms) = preSolution
		Debug|Any CPU = Debug|Any CPU
		Release|Any CPU = Release|Any CPU
	EndGlobalSection
	GlobalSection(ProjectConfigurationPlatforms) = postSolution
		{04A399E1-28BA-4C6C-AC28-0E6562F8B32F}.Debug|Any CPU.ActiveCfg = Debug|Any CPU
		{04A399E1-28BA-4C6C-AC28-0E6562F8B32F}.Debug|Any CPU.Build.0 = Debug|Any CPU
		{04A399E1-28BA-4C6C-AC28-0E6562F8B32F}.Release|Any CPU.ActiveCfg = Release|Any CPU
		{04A399E1-28BA-4C6C-AC28-0E6562F8B32F}.Release|Any CPU.Build.0 = Release|Any CPU
	EndGlobalSection
	GlobalSection(SolutionProperties) = preSolution
		HideSolutionNode = FALSE
	EndGlobalSection
	GlobalSection(ExtensibilityGlobals) = postSolution
		SolutionGuid = {E944A400-9ABB-4BAC-8D79-58B9EC0C64BB}
	EndGlobalSection
EndGlobal
